Microsoft Visual Studio Solution File, Format Version 8.00
Project("{FAE04EC0-301F-11D3-BF4B-00C04F79EFBC}") = "manageddx", "manageddx.csproj", "{13825502-5DB2-4681-B474-078B6DB0D834}"
	ProjectSection(ProjectDependencies) = postProject
	EndProjectSection
EndProject
Global
	GlobalSection(SolutionConfiguration) = preSolution
		Debug = Debug
		Release = Release
	EndGlobalSection
	GlobalSection(ProjectConfiguration) = postSolution
		{13825502-5DB2-4681-B474-078B6DB0D834}.Debug.ActiveCfg = Debug|.NET
		{13825502-5DB2-4681-B474-078B6DB0D834}.Debug.Build.0 = Debug|.NET
		{13825502-5DB2-4681-B474-078B6DB0D834}.Release.ActiveCfg = Release|.NET
		{13825502-5DB2-4681-B474-078B6DB0D834}.Release.Build.0 = Release|.NET
	EndGlobalSection
	GlobalSection(ExtensibilityGlobals) = postSolution
	EndGlobalSection
	GlobalSection(ExtensibilityAddIns) = postSolution
	EndGlobalSection
EndGlobal
